PODS:
  - LFLDarkModeKit (1.0.0):
    - LFLDarkModeKit/core (= 1.0.0)
    - LFLDarkModeKit/Tool (= 1.0.0)
  - LFLDarkModeKit/core (1.0.0):
    - LFLDarkModeKit/Tool
  - LFLDarkModeKit/Tool (1.0.0)

DEPENDENCIES:
  - LFLDarkModeKit (from `../`)

EXTERNAL SOURCES:
  LFLDarkModeKit:
    :path: "../"

SPEC CHECKSUMS:
  LFLDarkModeKit: 5dc47f53e027a8bce6bb4a94fb71340436eee8c5

PODFILE CHECKSUM: 7ea44e5b56835b93c904f899a22ec396d9423d82

COCOAPODS: 1.9.3
