PODS:
  - LFLDarkModeKit (1.0.1):
    - LFLDarkModeKit/core (= 1.0.1)
    - LFLDarkModeKit/Tool (= 1.0.1)
  - LFLDarkModeKit/core (1.0.1):
    - LFLDarkModeKit/Tool
  - LFLDarkModeKit/Tool (1.0.1)

DEPENDENCIES:
  - LFLDarkModeKit (from `../`)

EXTERNAL SOURCES:
  LFLDarkModeKit:
    :path: "../"

SPEC CHECKSUMS:
  LFLDarkModeKit: 4da3dca9057b15847c7e58fe9139a18962c02465

PODFILE CHECKSUM: 7ea44e5b56835b93c904f899a22ec396d9423d82

COCOAPODS: 1.10.0
