PODS:
  - LFLDarkModeKit (1.0.0):
    - LFLDarkModeKit/core (= 1.0.0)
    - LFLDarkModeKit/Tool (= 1.0.0)
  - LFLDarkModeKit/core (1.0.0):
    - LFLDarkModeKit/Tool
  - LFLDarkModeKit/Tool (1.0.0)

DEPENDENCIES:
  - LFLDarkModeKit (from `../`)

EXTERNAL SOURCES:
  LFLDarkModeKit:
    :path: "../"

SPEC CHECKSUMS:
  LFLDarkModeKit: 8e832751d417ebeea9adea4d47c0e3981e30d1e9

PODFILE CHECKSUM: 7ea44e5b56835b93c904f899a22ec396d9423d82

COCOAPODS: 1.9.3
